
Microsoft Visual Studio Solution File, Format Version 12.00
# Visual Studio Version 16
VisualStudioVersion = 16.0.29411.108
MinimumVisualStudioVersion = 10.0.40219.1
Project("{FAE04EC0-301F-11D3-BF4B-00C04F79EFBC}") = "DesignPattern", "DesignPattern.csproj", "{0F28A2C7-3C82-4FE4-9C1B-99E2BD80EF7C}"
EndProject
Global
	GlobalSection(SolutionConfigurationPlatforms) = preSolution
		Debug|Any CPU = Debug|Any CPU
		Release|Any CPU = Release|Any CPU
	EndGlobalSection
	GlobalSection(ProjectConfigurationPlatforms) = postSolution
		{0F28A2C7-3C82-4FE4-9C1B-99E2BD80EF7C}.Debug|Any CPU.ActiveCfg = Debug|Any CPU
		{0F28A2C7-3C82-4FE4-9C1B-99E2BD80EF7C}.Debug|Any CPU.Build.0 = Debug|Any CPU
		{0F28A2C7-3C82-4FE4-9C1B-99E2BD80EF7C}.Release|Any CPU.ActiveCfg = Release|Any CPU
		{0F28A2C7-3C82-4FE4-9C1B-99E2BD80EF7C}.Release|Any CPU.Build.0 = Release|Any CPU
	EndGlobalSection
	GlobalSection(SolutionProperties) = preSolution
		HideSolutionNode = FALSE
	EndGlobalSection
	GlobalSection(ExtensibilityGlobals) = postSolution
		SolutionGuid = {CB7A745D-10F7-490A-A6BC-AF5128A0ACA6}
	EndGlobalSection
EndGlobal
